
Microsoft Visual Studio Solution File, Format Version 12.00
# Visual Studio Version 16
VisualStudioVersion = 16.0.31729.503
MinimumVisualStudioVersion = 10.0.40219.1
Project("{9A19103F-16F7-4668-BE54-9A1E7A4F7556}") = "priceTracker", "priceTracker\priceTracker.csproj", "{38702CC0-6677-444B-AADF-CA3947854EC0}"
EndProject
Project("{FAE04EC0-301F-11D3-BF4B-00C04F79EFBC}") = "DL", "DL\DL.csproj", "{72D3E5D7-3BF2-4D98-BC33-499DDB72DE39}"
EndProject
Project("{FAE04EC0-301F-11D3-BF4B-00C04F79EFBC}") = "BL", "BL\BL.csproj", "{E53BE8A2-7E94-4FB1-B030-6A4D72F76D00}"
EndProject
Project("{FAE04EC0-301F-11D3-BF4B-00C04F79EFBC}") = "Entity", "Entity\Entity.csproj", "{6F66E5E5-A305-4357-A6C1-67EEFDB41B5E}"
EndProject
Global
	GlobalSection(SolutionConfigurationPlatforms) = preSolution
		Debug|Any CPU = Debug|Any CPU
		Release|Any CPU = Release|Any CPU
	EndGlobalSection
	GlobalSection(ProjectConfigurationPlatforms) = postSolution
		{38702CC0-6677-444B-AADF-CA3947854EC0}.Debug|Any CPU.ActiveCfg = Debug|Any CPU
		{38702CC0-6677-444B-AADF-CA3947854EC0}.Debug|Any CPU.Build.0 = Debug|Any CPU
		{38702CC0-6677-444B-AADF-CA3947854EC0}.Release|Any CPU.ActiveCfg = Release|Any CPU
		{38702CC0-6677-444B-AADF-CA3947854EC0}.Release|Any CPU.Build.0 = Release|Any CPU
		{72D3E5D7-3BF2-4D98-BC33-499DDB72DE39}.Debug|Any CPU.ActiveCfg = Debug|Any CPU
		{72D3E5D7-3BF2-4D98-BC33-499DDB72DE39}.Debug|Any CPU.Build.0 = Debug|Any CPU
		{72D3E5D7-3BF2-4D98-BC33-499DDB72DE39}.Release|Any CPU.ActiveCfg = Release|Any CPU
		{72D3E5D7-3BF2-4D98-BC33-499DDB72DE39}.Release|Any CPU.Build.0 = Release|Any CPU
		{E53BE8A2-7E94-4FB1-B030-6A4D72F76D00}.Debug|Any CPU.ActiveCfg = Debug|Any CPU
		{E53BE8A2-7E94-4FB1-B030-6A4D72F76D00}.Debug|Any CPU.Build.0 = Debug|Any CPU
		{E53BE8A2-7E94-4FB1-B030-6A4D72F76D00}.Release|Any CPU.ActiveCfg = Release|Any CPU
		{E53BE8A2-7E94-4FB1-B030-6A4D72F76D00}.Release|Any CPU.Build.0 = Release|Any CPU
		{6F66E5E5-A305-4357-A6C1-67EEFDB41B5E}.Debug|Any CPU.ActiveCfg = Debug|Any CPU
		{6F66E5E5-A305-4357-A6C1-67EEFDB41B5E}.Debug|Any CPU.Build.0 = Debug|Any CPU
		{6F66E5E5-A305-4357-A6C1-67EEFDB41B5E}.Release|Any CPU.ActiveCfg = Release|Any CPU
		{6F66E5E5-A305-4357-A6C1-67EEFDB41B5E}.Release|Any CPU.Build.0 = Release|Any CPU
	EndGlobalSection
	GlobalSection(SolutionProperties) = preSolution
		HideSolutionNode = FALSE
	EndGlobalSection
	GlobalSection(ExtensibilityGlobals) = postSolution
		SolutionGuid = {A39425FC-3048-4BCF-8A14-EA717A4AA6FB}
	EndGlobalSection
EndGlobal
